# THIS IS AN AUTOGENERATED FILE. DO NOT EDIT THIS FILE DIRECTLY.
# yarn lockfile v1


"@cfn-modules/acm-wildcard-certificate-public@^1.0.0":
  version "1.0.0"
  resolved "https://registry.yarnpkg.com/@cfn-modules/acm-wildcard-certificate-public/-/acm-wildcard-certificate-public-1.0.0.tgz#ffc4ce64ff30e7a49fc0b5c14ec622fa4dcb2517"
  integrity sha512-L9mGth8GQLqW9+qrWaKmWiAyaq4m8UXzxan34SS+Paw+q8Mg4t2qAcJoe+RA64/Qwk6xyGOzoYgSqbvnuMLJGA==

"@cfn-modules/alb-listener@^1.3.0":
  version "1.3.0"
  resolved "https://registry.yarnpkg.com/@cfn-modules/alb-listener/-/alb-listener-1.3.0.tgz#834578e9fd053e5ba4453799a0116c897232727e"
  integrity sha512-haRsm0Z7XR96mqQdvvgjXJn2J7FGz2EF1NkEqQgPk5r5Dtz7R2po8xVtTBSxDA938yhu2FNqLh9IopvwmhUPUg==

"@cfn-modules/alb-redirect-to-https@^1.0.1":
  version "1.0.1"
  resolved "https://registry.yarnpkg.com/@cfn-modules/alb-redirect-to-https/-/alb-redirect-to-https-1.0.1.tgz#76451ad1a27ed62b3cbecd1def613ff91ac42854"
  integrity sha512-8ca1kw3g2+S0tyHdiMdTEW6+NvdKEYtajJxolinvUi9/2MasJc/B72iYusoKhxObZqPSdx19B7trg3XSduIvoQ==

"@cfn-modules/alb@^1.1.0":
  version "1.1.0"
  resolved "https://registry.yarnpkg.com/@cfn-modules/alb/-/alb-1.1.0.tgz#fedaebe811ad524c90f9bce3bf4e66c9e5602ee0"
  integrity sha512-uX4rvVFbnZKZ4rtd+jnHm4BS6Uu8WEmrU6J/BN++aYrjAJnadT2bIHX1YqIfUfWHjkzDDEMAHE30D9eZbNcbiQ==

"@cfn-modules/alerting@^1.2.2":
  version "1.2.2"
  resolved "https://registry.yarnpkg.com/@cfn-modules/alerting/-/alerting-1.2.2.tgz#631e5380d03039c76bc595cdfeea299952a2509f"
  integrity sha512-IcATzZdaYtjuiwuxFG0hNoTXn33T5Zkgf6P97P8LW59dgYTbmcuT4Vo5xgTnyPGrcbB+V0eHFpFtpiT1JDhU5w==

"@cfn-modules/client-sg@^1.0.0":
  version "1.0.0"
  resolved "https://registry.yarnpkg.com/@cfn-modules/client-sg/-/client-sg-1.0.0.tgz#a85eee0289b4c9c66f80b148912b02b06c50bd70"
  integrity sha512-onauCbqqXYn/coJhdwvpcZU8XK9WZwA66AChsSQwSBBj+JLvByTXXRep7x/hWL11JQ7eIjOuDKsF8GK1D22Tjw==

"@cfn-modules/cloudfront@^1.0.0":
  version "1.0.0"
  resolved "https://registry.yarnpkg.com/@cfn-modules/cloudfront/-/cloudfront-1.0.0.tgz#e32617b332c109de434fb9eb2337cf6eb8b3ffaa"
  integrity sha512-texTfYjP8Kd+/o42x7oOyESgm6ISkidxcUX9HPooK9jFT0HToDTF5+XaD+gdVBBjuAyGOB1N1cAOkeOekamdTw==

"@cfn-modules/cloudwatch-dashboard@^1.6.0":
  version "1.6.0"
  resolved "https://registry.yarnpkg.com/@cfn-modules/cloudwatch-dashboard/-/cloudwatch-dashboard-1.6.0.tgz#862c1222b8773f0c82f502cf57cd963409a8c12f"
  integrity sha512-eS/l/OfW5Nze89RumQZPX//hD882Ai+WXRjC2R4/GMhfApPQB24WXV3mXjbqTlqNhnLAGf22kibBlD8rwrZFQg==

"@cfn-modules/ecs-alb-target@^1.4.0":
  version "1.4.0"
  resolved "https://registry.yarnpkg.com/@cfn-modules/ecs-alb-target/-/ecs-alb-target-1.4.0.tgz#b6d6e404fc1b8887d3a5ef2a7ee35432918a0d79"
  integrity sha512-N+NEBxt5lShLoP22QnOqIvbL0lworB5nKwbmNUNVbIDjTZ0xS/+OXkit+qNKoWEBuztj30QjK2kujJOjTCwjdg==

"@cfn-modules/ecs-cluster@^1.2.0":
  version "1.2.0"
  resolved "https://registry.yarnpkg.com/@cfn-modules/ecs-cluster/-/ecs-cluster-1.2.0.tgz#e330683d2f7078bef42860eb690b8260e22b1a9e"
  integrity sha512-ZmE/fTKFGwM+bhtuFaFsMe8Sa/FA2Wt+1v9ahwg6CYNXlEPIWobOcWPC6MLKvkMaL4mhnh7k5xF2gKd27c39PA==

"@cfn-modules/elasticache-redis@^1.1.0":
  version "1.1.0"
  resolved "https://registry.yarnpkg.com/@cfn-modules/elasticache-redis/-/elasticache-redis-1.1.0.tgz#832476026c01fa60e6a8e9e76893dffcdf631805"
  integrity sha512-OZ3PpUKvTYa/xcksB12Fw7Y6JSrFrcmUDlezT0/YFY9S3QksDlochU3e8xkdIj8x+hrcSNVRX3PsGXCCSR7ntQ==

"@cfn-modules/fargate-scheduled-task@^1.6.0":
  version "1.6.0"
  resolved "https://registry.yarnpkg.com/@cfn-modules/fargate-scheduled-task/-/fargate-scheduled-task-1.6.0.tgz#ec0c0cfb680bc6bee540ccb2709e80d5f1f6ac77"
  integrity sha512-ubtTw/vQcyQthwfpexBiwAO5Zc3rPtGK8k37GsF4jtLp/WevNvoolDgi2dXWPczIoFpvbTxM8n84dqxpVD4Lnw==

"@cfn-modules/fargate-service@^2.14.1":
  version "2.14.1"
  resolved "https://registry.yarnpkg.com/@cfn-modules/fargate-service/-/fargate-service-2.14.1.tgz#057b6562cc925347392402e602a933599e72526f"
  integrity sha512-P5I1ru1SiiK0SA8Cprg2JdYd/A/nZQMQLVdaE73byhXf2mznQO1ReTrD7GWMC/Ei+XiFrunbCNmRrU1YUyc6KA==

"@cfn-modules/kms-key@^1.2.1":
  version "1.2.1"
  resolved "https://registry.yarnpkg.com/@cfn-modules/kms-key/-/kms-key-1.2.1.tgz#b4dd337890f271a4478af4caf629f212f953defb"
  integrity sha512-KIKuqKNwWd3mxy+6JPw83rtFdjEjIFH0v/oSZ/oqIy3IsqQadZY6ivf8acTT2xWtvlXA5SHd7I7wAxBjKfuPTQ==

"@cfn-modules/lb-dns-record@^1.1.1":
  version "1.1.1"
  resolved "https://registry.yarnpkg.com/@cfn-modules/lb-dns-record/-/lb-dns-record-1.1.1.tgz#edc09a4d4ce820947f0373c0526d9f162e94304c"
  integrity sha512-2wjKJ+AOd3plIjUIwCsCAo1nObJbgW85uKhHQABd31amimqIkjAfDsdLqh0AoFPfBQHjcXjuVQ+RU+4DmEjQkA==

"@cfn-modules/rds-aurora-serverless-postgres@^1.1.0":
  version "1.1.0"
  resolved "https://registry.yarnpkg.com/@cfn-modules/rds-aurora-serverless-postgres/-/rds-aurora-serverless-postgres-1.1.0.tgz#7eb00b29d88771fd2c9587d416140477023423c2"
  integrity sha512-eXwXhCgtV+rrdruoY6RpflV6U39z9fZprUnnppIVCMtsbYMcup/eHr3KFtjsMW3UVCE0PNbD7KD4wiDPMDhInA==

"@cfn-modules/rds-instance@^1.5.0":
  version "1.5.0"
  resolved "https://registry.yarnpkg.com/@cfn-modules/rds-instance/-/rds-instance-1.5.0.tgz#ed196afdf0e1c82129211e4ca92c4d3ff609cd97"
  integrity sha512-dU9Zk0m1RUraQPeiOLPXzoZtIbIlx8c0WGlcfZ+G04HWTyya1KqGj7OWm9X4fF1hWqs074iTWXqqdWhs89CSxQ==

"@cfn-modules/rds-postgres@^2.2.2":
  version "2.2.2"
  resolved "https://registry.yarnpkg.com/@cfn-modules/rds-postgres/-/rds-postgres-2.2.2.tgz#4f9175fd68d740ea081c485817d9ab4bb20c15cd"
  integrity sha512-vU6TjvYP+w2PuKFA2NOIwk8ElQjFRXl02b3ZU5Ku7hzKrWbLW9nR5lWsWhQteuz8MDgKyK1icHKSPzDf2nXkvQ==
  dependencies:
    "@cfn-modules/rds-instance" "^1.5.0"

"@cfn-modules/route53-hosted-zone-public@^1.0.0":
  version "1.0.0"
  resolved "https://registry.yarnpkg.com/@cfn-modules/route53-hosted-zone-public/-/route53-hosted-zone-public-1.0.0.tgz#cb700d2adb1159d602e6b8e7d33781716f4f25e1"
  integrity sha512-jB/k5gEQn0cMEPSCD7UU+MwYFyLZqNwsZ1JqZSS+8yzhbnZHURJOWodUETS28gpWv+4L7kSTIgLF1eeq/oHY8Q==

"@cfn-modules/s3-bucket@^1.8.0":
  version "1.8.0"
  resolved "https://registry.yarnpkg.com/@cfn-modules/s3-bucket/-/s3-bucket-1.8.0.tgz#dd4f06231d1e1c242cb0e73d618199aa5401e02e"
  integrity sha512-VcENP/dwUhc3PdL8AfFyvP32oThSkpd4t+cnJBTW8wC14jQNnjhD2/C2ZZNTPweg19aCjnA+SY5Ho3Z7kYS51g==

"@cfn-modules/secret@^1.3.0":
  version "1.3.0"
  resolved "https://registry.yarnpkg.com/@cfn-modules/secret/-/secret-1.3.0.tgz#4a2b10559ed466ae21a32deb3a52367b09a973f9"
  integrity sha512-Pgx+CIqcY7bsAGKrmhuGtVdtcc+Gr5Y9sxV0vqEiF6EcwdjZ6M2tdXTHl532l4ef+AOYrB2ODAVcgYe6YcQ1uw==

"@cfn-modules/ssh-bastion@^1.4.4":
  version "1.4.4"
  resolved "https://registry.yarnpkg.com/@cfn-modules/ssh-bastion/-/ssh-bastion-1.4.4.tgz#43225139f64b0b81198735f9c32970046380460e"
  integrity sha512-okDAh5U3ekqpAfo7R+5aGsc5tGwb/RAFcNdMrV2Jy9ji7tlGJ4HVPQo8pRBE9xF8GMfDisSYO46i4nqm3DRi8g==

"@cfn-modules/vpc-flow-log@^1.0.0":
  version "1.1.0"
  resolved "https://registry.yarnpkg.com/@cfn-modules/vpc-flow-log/-/vpc-flow-log-1.1.0.tgz#ceb4fb826a0986c9a3910f5eae8867c005bfb919"
  integrity sha512-5VV5TWJ5H8l95Zpbzp/gQb6pr1nGJ5epDcWFBeXCrHrUwhdpCHVjjsFTj+aGl2aa2VyXQ5IjyhiuCD3sh+8lhQ==

"@cfn-modules/vpc-nat-gateway@^1.0.0":
  version "1.1.2"
  resolved "https://registry.yarnpkg.com/@cfn-modules/vpc-nat-gateway/-/vpc-nat-gateway-1.1.2.tgz#8b07d5bbf167c1950114c057f8f4ea45052d916a"
  integrity sha512-OKvxt05X4g+/BOhylDEhbORL0hHrKFgOLWZW36cb4cAlsZLggT6HXqjdlAMVaPEyirEvLTPEaNV6t51KFYZ9JQ==

"@cfn-modules/vpc-plain@^1.0.0":
  version "1.0.0"
  resolved "https://registry.yarnpkg.com/@cfn-modules/vpc-plain/-/vpc-plain-1.0.0.tgz#91691fc482ea6ed6b06326dc9b240ef5b35e9e6b"
  integrity sha512-P4ml900igbqjxL60IdPaa3UiXK9kNRLQ88YjxajMKchabjsoT39L9QJ6ZwUdVfHeahLtWms0i/z1nqf+1AkxHg==

"@cfn-modules/vpc-subnet@^1.0.0":
  version "1.0.0"
  resolved "https://registry.yarnpkg.com/@cfn-modules/vpc-subnet/-/vpc-subnet-1.0.0.tgz#4f496852777a8d9cf65c6e2f3a5af16245c5ef2f"
  integrity sha512-kLYbMn9UWBO/jd9XWc6F7KYJQIiVf05K9H6xRcutUk0B9aFROf3+opvk6CrE6OS/BLyqC+kd6MWqhGlokoCNpQ==

"@cfn-modules/vpc@^2.1.0":
  version "2.1.0"
  resolved "https://registry.yarnpkg.com/@cfn-modules/vpc/-/vpc-2.1.0.tgz#e09b404b9d22f7092ecda62ae2e88c27eec7ffdd"
  integrity sha512-W1wt/RQOd9mRpDps6RXYJc9EM13z2H3c0UBVcL1rPykYwXGRPOaMhXNE4TB3yTISlNtJO2yFMAyeNjsvpGy2pw==
